// !$*UTF8*$!
{
	archiveVersion = 1;
	classes = {
	};
	objectVersion = 46;
	objects = {

/* Begin PBXBuildFile section */
		94F3D3911A0925E2005422A2 /* main.m in Sources */ = {isa = PBXBuildFile; fileRef = 94F3D3901A0925E2005422A2 /* main.m */; };
		94F3D3941A0925E2005422A2 /* AppDelegate.m in Sources */ = {isa = PBXBuildFile; fileRef = 94F3D3931A0925E2005422A2 /* AppDelegate.m */; };
		94F3D3971A0925E2005422A2 /* ViewController.m in Sources */ = {isa = PBXBuildFile; fileRef = 94F3D3961A0925E2005422A2 /* ViewController.m */; };
		94F3D39A1A0925E2005422A2 /* Main.storyboard in Resources */ = {isa = PBXBuildFile; fileRef = 94F3D3981A0925E2005422A2 /* Main.storyboard */; };
		94F3D39C1A0925E2005422A2 /* Images.xcassets in Resources */ = {isa = PBXBuildFile; fileRef = 94F3D39B1A0925E2005422A2 /* Images.xcassets */; };
		94F3D39F1A0925E2005422A2 /* LaunchScreen.xib in Resources */ = {isa = PBXBuildFile; fileRef = 94F3D39D1A0925E2005422A2 /* LaunchScreen.xib */; };
		94F3D3AB1A0925E2005422A2 /* myApp003Tests.m in Sources */ = {isa = PBXBuildFile; fileRef = 94F3D3AA1A0925E2005422A2 /* myApp003Tests.m */; };
		94F3D3B51A0925F1005422A2 /* MapKit.framework in Frameworks */ = {isa = PBXBuildFile; fileRef = 94F3D3B41A0925F1005422A2 /* MapKit.framework */; };
		94F3D3B81A092895005422A2 /* btn1ViewController.m in Sources */ = {isa = PBXBuildFile; fileRef = 94F3D3B71A092895005422A2 /* btn1ViewController.m */; };
		94F3D3BB1A092B0D005422A2 /* btn2ViewController.m in Sources */ = {isa = PBXBuildFile; fileRef = 94F3D3BA1A092B0D005422A2 /* btn2ViewController.m */; };
		94F3D3BE1A092CEC005422A2 /* btn3ViewController.m in Sources */ = {isa = PBXBuildFile; fileRef = 94F3D3BD1A092CEC005422A2 /* btn3ViewController.m */; };
/* End PBXBuildFile section */

/* Begin PBXContainerItemProxy section */
		94F3D3A51A0925E2005422A2 /* PBXContainerItemProxy */ = {
			isa = PBXContainerItemProxy;
			containerPortal = 94F3D3831A0925E2005422A2 /* Project object */;
			proxyType = 1;
			remoteGlobalIDString = 94F3D38A1A0925E2005422A2;
			remoteInfo = myApp003;
		};
/* End PBXContainerItemProxy section */

/* Begin PBXFileReference section */
		94F3D38B1A0925E2005422A2 /* myApp003.app */ = {isa = PBXFileReference; explicitFileType = wrapper.application; includeInIndex = 0; path = myApp003.app; sourceTree = BUILT_PRODUCTS_DIR; };
		94F3D38F1A0925E2005422A2 /* Info.plist */ = {isa = PBXFileReference; lastKnownFileType = text.plist.xml; path = Info.plist; sourceTree = "<group>"; };
		94F3D3901A0925E2005422A2 /* main.m */ = {isa = PBXFileReference; lastKnownFileType = sourcecode.c.objc; path = main.m; sourceTree = "<group>"; };
		94F3D3921A0925E2005422A2 /* AppDelegate.h */ = {isa = PBXFileReference; lastKnownFileType = sourcecode.c.h; path = AppDelegate.h; sourceTree = "<group>"; };
		94F3D3931A0925E2005422A2 /* AppDelegate.m */ = {isa = PBXFileReference; lastKnownFileType = sourcecode.c.objc; path = AppDelegate.m; sourceTree = "<group>"; };
		94F3D3951A0925E2005422A2 /* ViewController.h */ = {isa = PBXFileReference; lastKnownFileType = sourcecode.c.h; path = ViewController.h; sourceTree = "<group>"; };
		94F3D3961A0925E2005422A2 /* ViewController.m */ = {isa = PBXFileReference; lastKnownFileType = sourcecode.c.objc; path = ViewController.m; sourceTree = "<group>"; };
		94F3D3991A0925E2005422A2 /* Base */ = {isa = PBXFileReference; lastKnownFileType = file.storyboard; name = Base; path = Base.lproj/Main.storyboard; sourceTree = "<group>"; };
		94F3D39B1A0925E2005422A2 /* Images.xcassets */ = {isa = PBXFileReference; lastKnownFileType = folder.assetcatalog; path = Images.xcassets; sourceTree = "<group>"; };
		94F3D39E1A0925E2005422A2 /* Base */ = {isa = PBXFileReference; lastKnownFileType = file.xib; name = Base; path = Base.lproj/LaunchScreen.xib; sourceTree = "<group>"; };
		94F3D3A41A0925E2005422A2 /* myApp003Tests.xctest */ = {isa = PBXFileReference; explicitFileType = wrapper.cfbundle; includeInIndex = 0; path = myApp003Tests.xctest; sourceTree = BUILT_PRODUCTS_DIR; };
		94F3D3A91A0925E2005422A2 /* Info.plist */ = {isa = PBXFileReference; lastKnownFileType = text.plist.xml; path = Info.plist; sourceTree = "<group>"; };
		94F3D3AA1A0925E2005422A2 /* myApp003Tests.m */ = {isa = PBXFileReference; lastKnownFileType = sourcecode.c.objc; path = myApp003Tests.m; sourceTree = "<group>"; };
		94F3D3B41A0925F1005422A2 /* MapKit.framework */ = {isa = PBXFileReference; lastKnownFileType = wrapper.framework; name = MapKit.framework; path = System/Library/Frameworks/MapKit.framework; sourceTree = SDKROOT; };
		94F3D3B61A092895005422A2 /* btn1ViewController.h */ = {isa = PBXFileReference; fileEncoding = 4; lastKnownFileType = sourcecode.c.h; path = btn1ViewController.h; sourceTree = "<group>"; };
		94F3D3B71A092895005422A2 /* btn1ViewController.m */ = {isa = PBXFileReference; fileEncoding = 4; lastKnownFileType = sourcecode.c.objc; path = btn1ViewController.m; sourceTree = "<group>"; };
		94F3D3B91A092B0D005422A2 /* btn2ViewController.h */ = {isa = PBXFileReference; fileEncoding = 4; lastKnownFileType = sourcecode.c.h; path = btn2ViewController.h; sourceTree = "<group>"; };
		94F3D3BA1A092B0D005422A2 /* btn2ViewController.m */ = {isa = PBXFileReference; fileEncoding = 4; lastKnownFileType = sourcecode.c.objc; path = btn2ViewController.m; sourceTree = "<group>"; };
		94F3D3BC1A092CEC005422A2 /* btn3ViewController.h */ = {isa = PBXFileReference; fileEncoding = 4; lastKnownFileType = sourcecode.c.h; path = btn3ViewController.h; sourceTree = "<group>"; };
		94F3D3BD1A092CEC005422A2 /* btn3ViewController.m */ = {isa = PBXFileReference; fileEncoding = 4; lastKnownFileType = sourcecode.c.objc; path = btn3ViewController.m; sourceTree = "<group>"; };
/* End PBXFileReference section */

/* Begin PBXFrameworksBuildPhase section */
		94F3D3881A0925E2005422A2 /* Frameworks */ = {
			isa = PBXFrameworksBuildPhase;
			buildActionMask = 2147483647;
			files = (
				94F3D3B51A0925F1005422A2 /* MapKit.framework in Frameworks */,
			);
			runOnlyForDeploymentPostprocessing = 0;
		};
		94F3D3A11A0925E2005422A2 /* Frameworks */ = {
			isa = PBXFrameworksBuildPhase;
			buildActionMask = 2147483647;
			files = (
			);
			runOnlyForDeploymentPostprocessing = 0;
		};
/* End PBXFrameworksBuildPhase section */

/* Begin PBXGroup section */
		94F3D3821A0925E2005422A2 = {
			isa = PBXGroup;
			children = (
				94F3D3B41A0925F1005422A2 /* MapKit.framework */,
				94F3D38D1A0925E2005422A2 /* myApp003 */,
				94F3D3A71A0925E2005422A2 /* myApp003Tests */,
				94F3D38C1A0925E2005422A2 /* Products */,
			);
			sourceTree = "<group>";
		};
		94F3D38C1A0925E2005422A2 /* Products */ = {
			isa = PBXGroup;
			children = (
				94F3D38B1A0925E2005422A2 /* myApp003.app */,
				94F3D3A41A0925E2005422A2 /* myApp003Tests.xctest */,
			);
			name = Products;
			sourceTree = "<group>";
		};
		94F3D38D1A0925E2005422A2 /* myApp003 */ = {
			isa = PBXGroup;
			children = (
				94F3D3921A0925E2005422A2 /* AppDelegate.h */,
				94F3D3931A0925E2005422A2 /* AppDelegate.m */,
				94F3D3B61A092895005422A2 /* btn1ViewController.h */,
				94F3D3B71A092895005422A2 /* btn1ViewController.m */,
				94F3D3B91A092B0D005422A2 /* btn2ViewController.h */,
				94F3D3BA1A092B0D005422A2 /* btn2ViewController.m */,
				94F3D3BC1A092CEC005422A2 /* btn3ViewController.h */,
				94F3D3BD1A092CEC005422A2 /* btn3ViewController.m */,
				94F3D3951A0925E2005422A2 /* ViewController.h */,
				94F3D3961A0925E2005422A2 /* ViewController.m */,
				94F3D3981A0925E2005422A2 /* Main.storyboard */,
				94F3D39B1A0925E2005422A2 /* Images.xcassets */,
				94F3D39D1A0925E2005422A2 /* LaunchScreen.xib */,
				94F3D38E1A0925E2005422A2 /* Supporting Files */,
			);
			path = myApp003;
			sourceTree = "<group>";
		};
		94F3D38E1A0925E2005422A2 /* Supporting Files */ = {
			isa = PBXGroup;
			children = (
				94F3D38F1A0925E2005422A2 /* Info.plist */,
				94F3D3901A0925E2005422A2 /* main.m */,
			);
			name = "Supporting Files";
			sourceTree = "<group>";
		};
		94F3D3A71A0925E2005422A2 /* myApp003Tests */ = {
			isa = PBXGroup;
			children = (
				94F3D3AA1A0925E2005422A2 /* myApp003Tests.m */,
				94F3D3A81A0925E2005422A2 /* Supporting Files */,
			);
			path = myApp003Tests;
			sourceTree = "<group>";
		};
		94F3D3A81A0925E2005422A2 /* Supporting Files */ = {
			isa = PBXGroup;
			children = (
				94F3D3A91A0925E2005422A2 /* Info.plist */,
			);
			name = "Supporting Files";
			sourceTree = "<group>";
		};
/* End PBXGroup section */

/* Begin PBXNativeTarget section */
		94F3D38A1A0925E2005422A2 /* myApp003 */ = {
			isa = PBXNativeTarget;
			buildConfigurationList = 94F3D3AE1A0925E2005422A2 /* Build configuration list for PBXNativeTarget "myApp003" */;
			buildPhases = (
				94F3D3871A0925E2005422A2 /* Sources */,
				94F3D3881A0925E2005422A2 /* Frameworks */,
				94F3D3891A0925E2005422A2 /* Resources */,
			);
			buildRules = (
			);
			dependencies = (
			);
			name = myApp003;
			productName = myApp003;
			productReference = 94F3D38B1A0925E2005422A2 /* myApp003.app */;
			productType = "com.apple.product-type.application";
		};
		94F3D3A31A0925E2005422A2 /* myApp003Tests */ = {
			isa = PBXNativeTarget;
			buildConfigurationList = 94F3D3B11A0925E2005422A2 /* Build configuration list for PBXNativeTarget "myApp003Tests" */;
			buildPhases = (
				94F3D3A01A0925E2005422A2 /* Sources */,
				94F3D3A11A0925E2005422A2 /* Frameworks */,
				94F3D3A21A0925E2005422A2 /* Resources */,
			);
			buildRules = (
			);
			dependencies = (
				94F3D3A61A0925E2005422A2 /* PBXTargetDependency */,
			);
			name = myApp003Tests;
			productName = myApp003Tests;
			productReference = 94F3D3A41A0925E2005422A2 /* myApp003Tests.xctest */;
			productType = "com.apple.product-type.bundle.unit-test";
		};
/* End PBXNativeTarget section */

/* Begin PBXProject section */
		94F3D3831A0925E2005422A2 /* Project object */ = {
			isa = PBXProject;
			attributes = {
				LastUpgradeCheck = 0600;
				ORGANIZATIONNAME = sho634;
				TargetAttributes = {
					94F3D38A1A0925E2005422A2 = {
						CreatedOnToolsVersion = 6.0.1;
					};
					94F3D3A31A0925E2005422A2 = {
						CreatedOnToolsVersion = 6.0.1;
						TestTargetID = 94F3D38A1A0925E2005422A2;
					};
				};
			};
			buildConfigurationList = 94F3D3861A0925E2005422A2 /* Build configuration list for PBXProject "myApp003" */;
			compatibilityVersion = "Xcode 3.2";
			developmentRegion = English;
			hasScannedForEncodings = 0;
			knownRegions = (
				en,
				Base,
			);
			mainGroup = 94F3D3821A0925E2005422A2;
			productRefGroup = 94F3D38C1A0925E2005422A2 /* Products */;
			projectDirPath = "";
			projectRoot = "";
			targets = (
				94F3D38A1A0925E2005422A2 /* myApp003 */,
				94F3D3A31A0925E2005422A2 /* myApp003Tests */,
			);
		};
/* End PBXProject section */

/* Begin PBXResourcesBuildPhase section */
		94F3D3891A0925E2005422A2 /* Resources */ = {
			isa = PBXResourcesBuildPhase;
			buildActionMask = 2147483647;
			files = (
				94F3D39A1A0925E2005422A2 /* Main.storyboard in Resources */,
				94F3D39F1A0925E2005422A2 /* LaunchScreen.xib in Resources */,
				94F3D39C1A0925E2005422A2 /* Images.xcassets in Resources */,
			);
			runOnlyForDeploymentPostprocessing = 0;
		};
		94F3D3A21A0925E2005422A2 /* Resources */ = {
			isa = PBXResourcesBuildPhase;
			buildActionMask = 2147483647;
			files = (
			);
			runOnlyForDeploymentPostprocessing = 0;
		};
/* End PBXResourcesBuildPhase section */

/* Begin PBXSourcesBuildPhase section */
		94F3D3871A0925E2005422A2 /* Sources */ = {
			isa = PBXSourcesBuildPhase;
			buildActionMask = 2147483647;
			files = (
				94F3D3971A0925E2005422A2 /* ViewController.m in Sources */,
				94F3D3BB1A092B0D005422A2 /* btn2ViewController.m in Sources */,
				94F3D3941A0925E2005422A2 /* AppDelegate.m in Sources */,
				94F3D3911A0925E2005422A2 /* main.m in Sources */,
				94F3D3B81A092895005422A2 /* btn1ViewController.m in Sources */,
				94F3D3BE1A092CEC005422A2 /* btn3ViewController.m in Sources */,
			);
			runOnlyForDeploymentPostprocessing = 0;
		};
		94F3D3A01A0925E2005422A2 /* Sources */ = {
			isa = PBXSourcesBuildPhase;
			buildActionMask = 2147483647;
			files = (
				94F3D3AB1A0925E2005422A2 /* myApp003Tests.m in Sources */,
			);
			runOnlyForDeploymentPostprocessing = 0;
		};
/* End PBXSourcesBuildPhase section */

/* Begin PBXTargetDependency section */
		94F3D3A61A0925E2005422A2 /* PBXTargetDependency */ = {
			isa = PBXTargetDependency;
			target = 94F3D38A1A0925E2005422A2 /* myApp003 */;
			targetProxy = 94F3D3A51A0925E2005422A2 /* PBXContainerItemProxy */;
		};
/* End PBXTargetDependency section */

/* Begin PBXVariantGroup section */
		94F3D3981A0925E2005422A2 /* Main.storyboard */ = {
			isa = PBXVariantGroup;
			children = (
				94F3D3991A0925E2005422A2 /* Base */,
			);
			name = Main.storyboard;
			sourceTree = "<group>";
		};
		94F3D39D1A0925E2005422A2 /* LaunchScreen.xib */ = {
			isa = PBXVariantGroup;
			children = (
				94F3D39E1A0925E2005422A2 /* Base */,
			);
			name = LaunchScreen.xib;
			sourceTree = "<group>";
		};
/* End PBXVariantGroup section */

/* Begin XCBuildConfiguration section */
		94F3D3AC1A0925E2005422A2 /* Debug */ = {
			isa = XCBuildConfiguration;
			buildSettings = {
				ALWAYS_SEARCH_USER_PATHS = NO;
				CLANG_CXX_LANGUAGE_STANDARD = "gnu++0x";
				CLANG_CXX_LIBRARY = "libc++";
				CLANG_ENABLE_MODULES = YES;
				CLANG_ENABLE_OBJC_ARC = YES;
				CLANG_WARN_BOOL_CONVERSION = YES;
				CLANG_WARN_CONSTANT_CONVERSION = YES;
				CLANG_WARN_DIRECT_OBJC_ISA_USAGE = YES_ERROR;
				CLANG_WARN_EMPTY_BODY = YES;
				CLANG_WARN_ENUM_CONVERSION = YES;
				CLANG_WARN_INT_CONVERSION = YES;
				CLANG_WARN_OBJC_ROOT_CLASS = YES_ERROR;
				CLANG_WARN_UNREACHABLE_CODE = YES;
				CLANG_WARN__DUPLICATE_METHOD_MATCH = YES;
				"CODE_SIGN_IDENTITY[sdk=iphoneos*]" = "iPhone Developer";
				COPY_PHASE_STRIP = NO;
				ENABLE_STRICT_OBJC_MSGSEND = YES;
				GCC_C_LANGUAGE_STANDARD = gnu99;
				GCC_DYNAMIC_NO_PIC = NO;
				GCC_OPTIMIZATION_LEVEL = 0;
				GCC_PREPROCESSOR_DEFINITIONS = (
					"DEBUG=1",
					"$(inherited)",
				);
				GCC_SYMBOLS_PRIVATE_EXTERN = NO;
				GCC_WARN_64_TO_32_BIT_CONVERSION = YES;
				GCC_WARN_ABOUT_RETURN_TYPE = YES_ERROR;
				GCC_WARN_UNDECLARED_SELECTOR = YES;
				GCC_WARN_UNINITIALIZED_AUTOS = YES_AGGRESSIVE;
				GCC_WARN_UNUSED_FUNCTION = YES;
				GCC_WARN_UNUSED_VARIABLE = YES;
				IPHONEOS_DEPLOYMENT_TARGET = 8.0;
				MTL_ENABLE_DEBUG_INFO = YES;
				ONLY_ACTIVE_ARCH = YES;
				SDKROOT = iphoneos;
			};
			name = Debug;
		};
		94F3D3AD1A0925E2005422A2 /* Release */ = {
			isa = XCBuildConfiguration;
			buildSettings = {
				ALWAYS_SEARCH_USER_PATHS = NO;
				CLANG_CXX_LANGUAGE_STANDARD = "gnu++0x";
				CLANG_CXX_LIBRARY = "libc++";
				CLANG_ENABLE_MODULES = YES;
				CLANG_ENABLE_OBJC_ARC = YES;
				CLANG_WARN_BOOL_CONVERSION = YES;
				CLANG_WARN_CONSTANT_CONVERSION = YES;
				CLANG_WARN_DIRECT_OBJC_ISA_USAGE = YES_ERROR;
				CLANG_WARN_EMPTY_BODY = YES;
				CLANG_WARN_ENUM_CONVERSION = YES;
				CLANG_WARN_INT_CONVERSION = YES;
				CLANG_WARN_OBJC_ROOT_CLASS = YES_ERROR;
				CLANG_WARN_UNREACHABLE_CODE = YES;
				CLANG_WARN__DUPLICATE_METHOD_MATCH = YES;
				"CODE_SIGN_IDENTITY[sdk=iphoneos*]" = "iPhone Developer";
				COPY_PHASE_STRIP = YES;
				ENABLE_NS_ASSERTIONS = NO;
				ENABLE_STRICT_OBJC_MSGSEND = YES;
				GCC_C_LANGUAGE_STANDARD = gnu99;
				GCC_WARN_64_TO_32_BIT_CONVERSION = YES;
				GCC_WARN_ABOUT_RETURN_TYPE = YES_ERROR;
				GCC_WARN_UNDECLARED_SELECTOR = YES;
				GCC_WARN_UNINITIALIZED_AUTOS = YES_AGGRESSIVE;
				GCC_WARN_UNUSED_FUNCTION = YES;
				GCC_WARN_UNUSED_VARIABLE = YES;
				IPHONEOS_DEPLOYMENT_TARGET = 8.0;
				MTL_ENABLE_DEBUG_INFO = NO;
				SDKROOT = iphoneos;
				VALIDATE_PRODUCT = YES;
			};
			name = Release;
		};
		94F3D3AF1A0925E2005422A2 /* Debug */ = {
			isa = XCBuildConfiguration;
			buildSettings = {
				ASSETCATALOG_COMPILER_APPICON_NAME = AppIcon;
				INFOPLIST_FILE = myApp003/Info.plist;
				LD_RUNPATH_SEARCH_PATHS = "$(inherited) @executable_path/Frameworks";
				PRODUCT_NAME = "$(TARGET_NAME)";
			};
			name = Debug;
		};
		94F3D3B01A0925E2005422A2 /* Release */ = {
			isa = XCBuildConfiguration;
			buildSettings = {
				ASSETCATALOG_COMPILER_APPICON_NAME = AppIcon;
				INFOPLIST_FILE = myApp003/Info.plist;
				LD_RUNPATH_SEARCH_PATHS = "$(inherited) @executable_path/Frameworks";
				PRODUCT_NAME = "$(TARGET_NAME)";
			};
			name = Release;
		};
		94F3D3B21A0925E2005422A2 /* Debug */ = {
			isa = XCBuildConfiguration;
			buildSettings = {
				BUNDLE_LOADER = "$(TEST_HOST)";
				FRAMEWORK_SEARCH_PATHS = (
					"$(SDKROOT)/Developer/Library/Frameworks",
					"$(inherited)",
				);
				GCC_PREPROCESSOR_DEFINITIONS = (
					"DEBUG=1",
					"$(inherited)",
				);
				INFOPLIST_FILE = myApp003Tests/Info.plist;
				LD_RUNPATH_SEARCH_PATHS = "$(inherited) @executable_path/Frameworks @loader_path/Frameworks";
				PRODUCT_NAME = "$(TARGET_NAME)";
				TEST_HOST = "$(BUILT_PRODUCTS_DIR)/myApp003.app/myApp003";
			};
			name = Debug;
		};
		94F3D3B31A0925E2005422A2 /* Release */ = {
			isa = XCBuildConfiguration;
			buildSettings = {
				BUNDLE_LOADER = "$(TEST_HOST)";
				FRAMEWORK_SEARCH_PATHS = (
					"$(SDKROOT)/Developer/Library/Frameworks",
					"$(inherited)",
				);
				INFOPLIST_FILE = myApp003Tests/Info.plist;
				LD_RUNPATH_SEARCH_PATHS = "$(inherited) @executable_path/Frameworks @loader_path/Frameworks";
				PRODUCT_NAME = "$(TARGET_NAME)";
				TEST_HOST = "$(BUILT_PRODUCTS_DIR)/myApp003.app/myApp003";
			};
			name = Release;
		};
/* End XCBuildConfiguration section */

/* Begin XCConfigurationList section */
		94F3D3861A0925E2005422A2 /* Build configuration list for PBXProject "myApp003" */ = {
			isa = XCConfigurationList;
			buildConfigurations = (
				94F3D3AC1A0925E2005422A2 /* Debug */,
				94F3D3AD1A0925E2005422A2 /* Release */,
			);
			defaultConfigurationIsVisible = 0;
			defaultConfigurationName = Release;
		};
		94F3D3AE1A0925E2005422A2 /* Build configuration list for PBXNativeTarget "myApp003" */ = {
			isa = XCConfigurationList;
			buildConfigurations = (
				94F3D3AF1A0925E2005422A2 /* Debug */,
				94F3D3B01A0925E2005422A2 /* Release */,
			);
			defaultConfigurationIsVisible = 0;
		};
		94F3D3B11A0925E2005422A2 /* Build configuration list for PBXNativeTarget "myApp003Tests" */ = {
			isa = XCConfigurationList;
			buildConfigurations = (
				94F3D3B21A0925E2005422A2 /* Debug */,
				94F3D3B31A0925E2005422A2 /* Release */,
			);
			defaultConfigurationIsVisible = 0;
		};
/* End XCConfigurationList section */
	};
	rootObject = 94F3D3831A0925E2005422A2 /* Project object */;
}
